// !$*UTF8*$!
{
	archiveVersion = 1;
	classes = {
	};
	objectVersion = 50;
	objects = {

/* Begin PBXBuildFile section */
		52C20879024A57CEC2EE9555 /* libPods-OCUIExample.a in Frameworks */ = {isa = PBXBuildFile; fileRef = 83135448550FCBD8A84856A6 /* libPods-OCUIExample.a */; };
		5D43F1FA230D40810098713E /* AppDelegate.m in Sources */ = {isa = PBXBuildFile; fileRef = 5D43F1F9230D40810098713E /* AppDelegate.m */; };
		5D43F1FD230D40810098713E /* ViewController.m in Sources */ = {isa = PBXBuildFile; fileRef = 5D43F1FC230D40810098713E /* ViewController.m */; };
		5D43F200230D40810098713E /* Main.storyboard in Resources */ = {isa = PBXBuildFile; fileRef = 5D43F1FE230D40810098713E /* Main.storyboard */; };
		5D43F202230D40840098713E /* Assets.xcassets in Resources */ = {isa = PBXBuildFile; fileRef = 5D43F201230D40840098713E /* Assets.xcassets */; };
		5D43F205230D40840098713E /* LaunchScreen.storyboard in Resources */ = {isa = PBXBuildFile; fileRef = 5D43F203230D40840098713E /* LaunchScreen.storyboard */; };
		5D43F208230D40840098713E /* main.m in Sources */ = {isa = PBXBuildFile; fileRef = 5D43F207230D40840098713E /* main.m */; };
		5D5F0973231362060029EE9E /* OCUIHStack.m in Sources */ = {isa = PBXBuildFile; fileRef = 5D5F095B231362050029EE9E /* OCUIHStack.m */; };
		5D5F0975231362060029EE9E /* OCUIVStack.m in Sources */ = {isa = PBXBuildFile; fileRef = 5D5F095F231362050029EE9E /* OCUIVStack.m */; };
		5D5F0976231362060029EE9E /* OCUIZStack.m in Sources */ = {isa = PBXBuildFile; fileRef = 5D5F0960231362050029EE9E /* OCUIZStack.m */; };
		5D5F0977231362060029EE9E /* OCUISpacer.m in Sources */ = {isa = PBXBuildFile; fileRef = 5D5F096A231362050029EE9E /* OCUISpacer.m */; };
		5D5F0978231362060029EE9E /* OCUINode.m in Sources */ = {isa = PBXBuildFile; fileRef = 5D5F096B231362050029EE9E /* OCUINode.m */; };
		5D5F0979231362060029EE9E /* OCUIView.m in Sources */ = {isa = PBXBuildFile; fileRef = 5D5F096C231362050029EE9E /* OCUIView.m */; };
		5D5F097A231362060029EE9E /* OCUIText.m in Sources */ = {isa = PBXBuildFile; fileRef = 5D5F096E231362050029EE9E /* OCUIText.m */; };
		5D5F097B231362060029EE9E /* OCUIMaker.m in Sources */ = {isa = PBXBuildFile; fileRef = 5D5F096F231362050029EE9E /* OCUIMaker.m */; };
		5D5F09852313E0A10029EE9E /* OCUIImage.m in Sources */ = {isa = PBXBuildFile; fileRef = 5D5F09842313E0A10029EE9E /* OCUIImage.m */; };
		5D5F09892314E6A90029EE9E /* OCUIList.m in Sources */ = {isa = PBXBuildFile; fileRef = 5D5F09882314E6A90029EE9E /* OCUIList.m */; };
		5DCA42A6231A5CB4000F8359 /* OCUIToggle.m in Sources */ = {isa = PBXBuildFile; fileRef = 5DCA42A5231A5CB4000F8359 /* OCUIToggle.m */; };
		5DCA42A9231A65AC000F8359 /* OCUISlider.m in Sources */ = {isa = PBXBuildFile; fileRef = 5DCA42A8231A65AC000F8359 /* OCUISlider.m */; };
		5DCBA0182319288D00B1A2D5 /* OCUIButton.m in Sources */ = {isa = PBXBuildFile; fileRef = 5DCBA0172319288D00B1A2D5 /* OCUIButton.m */; };
		7FD9B3F3231E427C0092CF2D /* OCUIAlignment.m in Sources */ = {isa = PBXBuildFile; fileRef = 7FD9B3F2231E427C0092CF2D /* OCUIAlignment.m */; };
		7FD9B3F6231E4AF00092CF2D /* OCUIViewParse.m in Sources */ = {isa = PBXBuildFile; fileRef = 7FD9B3F5231E4AF00092CF2D /* OCUIViewParse.m */; };
		7FD9B3F9231E527F0092CF2D /* OCUIiOSViewParse.m in Sources */ = {isa = PBXBuildFile; fileRef = 7FD9B3F8231E527F0092CF2D /* OCUIiOSViewParse.m */; };
		7FD9B3FC231E67DF0092CF2D /* OCUIiOSLayout.m in Sources */ = {isa = PBXBuildFile; fileRef = 7FD9B3FB231E67DF0092CF2D /* OCUIiOSLayout.m */; };
		7FD9B3FF231E69F40092CF2D /* OCUIStack.m in Sources */ = {isa = PBXBuildFile; fileRef = 7FD9B3FE231E69F40092CF2D /* OCUIStack.m */; };
/* End PBXBuildFile section */

/* Begin PBXCopyFilesBuildPhase section */
		5D43F21F230D409B0098713E /* Embed Frameworks */ = {
			isa = PBXCopyFilesBuildPhase;
			buildActionMask = 2147483647;
			dstPath = "";
			dstSubfolderSpec = 10;
			files = (
			);
			name = "Embed Frameworks";
			runOnlyForDeploymentPostprocessing = 0;
		};
/* End PBXCopyFilesBuildPhase section */

/* Begin PBXFileReference section */
		5D43F1F5230D40810098713E /* OCUIExample.app */ = {isa = PBXFileReference; explicitFileType = wrapper.application; includeInIndex = 0; path = OCUIExample.app; sourceTree = BUILT_PRODUCTS_DIR; };
		5D43F1F8230D40810098713E /* AppDelegate.h */ = {isa = PBXFileReference; lastKnownFileType = sourcecode.c.h; path = AppDelegate.h; sourceTree = "<group>"; };
		5D43F1F9230D40810098713E /* AppDelegate.m */ = {isa = PBXFileReference; lastKnownFileType = sourcecode.c.objc; path = AppDelegate.m; sourceTree = "<group>"; };
		5D43F1FB230D40810098713E /* ViewController.h */ = {isa = PBXFileReference; lastKnownFileType = sourcecode.c.h; path = ViewController.h; sourceTree = "<group>"; };
		5D43F1FC230D40810098713E /* ViewController.m */ = {isa = PBXFileReference; lastKnownFileType = sourcecode.c.objc; path = ViewController.m; sourceTree = "<group>"; };
		5D43F1FF230D40810098713E /* Base */ = {isa = PBXFileReference; lastKnownFileType = file.storyboard; name = Base; path = Base.lproj/Main.storyboard; sourceTree = "<group>"; };
		5D43F201230D40840098713E /* Assets.xcassets */ = {isa = PBXFileReference; lastKnownFileType = folder.assetcatalog; path = Assets.xcassets; sourceTree = "<group>"; };
		5D43F204230D40840098713E /* Base */ = {isa = PBXFileReference; lastKnownFileType = file.storyboard; name = Base; path = Base.lproj/LaunchScreen.storyboard; sourceTree = "<group>"; };
		5D43F206230D40840098713E /* Info.plist */ = {isa = PBXFileReference; lastKnownFileType = text.plist.xml; path = Info.plist; sourceTree = "<group>"; };
		5D43F207230D40840098713E /* main.m */ = {isa = PBXFileReference; lastKnownFileType = sourcecode.c.objc; path = main.m; sourceTree = "<group>"; };
		5D5F0955231362050029EE9E /* OCUIHStack.h */ = {isa = PBXFileReference; fileEncoding = 4; lastKnownFileType = sourcecode.c.h; path = OCUIHStack.h; sourceTree = "<group>"; };
		5D5F0957231362050029EE9E /* OCUIZStack.h */ = {isa = PBXFileReference; fileEncoding = 4; lastKnownFileType = sourcecode.c.h; path = OCUIZStack.h; sourceTree = "<group>"; };
		5D5F0958231362050029EE9E /* OCUIVStack.h */ = {isa = PBXFileReference; fileEncoding = 4; lastKnownFileType = sourcecode.c.h; path = OCUIVStack.h; sourceTree = "<group>"; };
		5D5F095B231362050029EE9E /* OCUIHStack.m */ = {isa = PBXFileReference; fileEncoding = 4; lastKnownFileType = sourcecode.c.objc; path = OCUIHStack.m; sourceTree = "<group>"; };
		5D5F095F231362050029EE9E /* OCUIVStack.m */ = {isa = PBXFileReference; fileEncoding = 4; lastKnownFileType = sourcecode.c.objc; path = OCUIVStack.m; sourceTree = "<group>"; };
		5D5F0960231362050029EE9E /* OCUIZStack.m */ = {isa = PBXFileReference; fileEncoding = 4; lastKnownFileType = sourcecode.c.objc; path = OCUIZStack.m; sourceTree = "<group>"; };
		5D5F0961231362050029EE9E /* OCUIMaker.h */ = {isa = PBXFileReference; fileEncoding = 4; lastKnownFileType = sourcecode.c.h; path = OCUIMaker.h; sourceTree = "<group>"; };
		5D5F0965231362050029EE9E /* OCUI.h */ = {isa = PBXFileReference; fileEncoding = 4; lastKnownFileType = sourcecode.c.h; path = OCUI.h; sourceTree = "<group>"; };
		5D5F0967231362050029EE9E /* OCUIView.h */ = {isa = PBXFileReference; fileEncoding = 4; lastKnownFileType = sourcecode.c.h; path = OCUIView.h; sourceTree = "<group>"; };
		5D5F0968231362050029EE9E /* OCUINode.h */ = {isa = PBXFileReference; fileEncoding = 4; lastKnownFileType = sourcecode.c.h; path = OCUINode.h; sourceTree = "<group>"; };
		5D5F0969231362050029EE9E /* OCUIText.h */ = {isa = PBXFileReference; fileEncoding = 4; lastKnownFileType = sourcecode.c.h; path = OCUIText.h; sourceTree = "<group>"; };
		5D5F096A231362050029EE9E /* OCUISpacer.m */ = {isa = PBXFileReference; fileEncoding = 4; lastKnownFileType = sourcecode.c.objc; path = OCUISpacer.m; sourceTree = "<group>"; };
		5D5F096B231362050029EE9E /* OCUINode.m */ = {isa = PBXFileReference; fileEncoding = 4; lastKnownFileType = sourcecode.c.objc; path = OCUINode.m; sourceTree = "<group>"; };
		5D5F096C231362050029EE9E /* OCUIView.m */ = {isa = PBXFileReference; fileEncoding = 4; lastKnownFileType = sourcecode.c.objc; path = OCUIView.m; sourceTree = "<group>"; };
		5D5F096D231362050029EE9E /* OCUISpacer.h */ = {isa = PBXFileReference; fileEncoding = 4; lastKnownFileType = sourcecode.c.h; path = OCUISpacer.h; sourceTree = "<group>"; };
		5D5F096E231362050029EE9E /* OCUIText.m */ = {isa = PBXFileReference; fileEncoding = 4; lastKnownFileType = sourcecode.c.objc; path = OCUIText.m; sourceTree = "<group>"; };
		5D5F096F231362050029EE9E /* OCUIMaker.m */ = {isa = PBXFileReference; fileEncoding = 4; lastKnownFileType = sourcecode.c.objc; path = OCUIMaker.m; sourceTree = "<group>"; };
		5D5F09832313E0A10029EE9E /* OCUIImage.h */ = {isa = PBXFileReference; lastKnownFileType = sourcecode.c.h; path = OCUIImage.h; sourceTree = "<group>"; };
		5D5F09842313E0A10029EE9E /* OCUIImage.m */ = {isa = PBXFileReference; lastKnownFileType = sourcecode.c.objc; path = OCUIImage.m; sourceTree = "<group>"; };
		5D5F09872314E6A90029EE9E /* OCUIList.h */ = {isa = PBXFileReference; lastKnownFileType = sourcecode.c.h; path = OCUIList.h; sourceTree = "<group>"; };
		5D5F09882314E6A90029EE9E /* OCUIList.m */ = {isa = PBXFileReference; lastKnownFileType = sourcecode.c.objc; path = OCUIList.m; sourceTree = "<group>"; };
		5DCA42A4231A5CB4000F8359 /* OCUIToggle.h */ = {isa = PBXFileReference; lastKnownFileType = sourcecode.c.h; path = OCUIToggle.h; sourceTree = "<group>"; };
		5DCA42A5231A5CB4000F8359 /* OCUIToggle.m */ = {isa = PBXFileReference; lastKnownFileType = sourcecode.c.objc; path = OCUIToggle.m; sourceTree = "<group>"; };
		5DCA42A7231A65AC000F8359 /* OCUISlider.h */ = {isa = PBXFileReference; lastKnownFileType = sourcecode.c.h; path = OCUISlider.h; sourceTree = "<group>"; };
		5DCA42A8231A65AC000F8359 /* OCUISlider.m */ = {isa = PBXFileReference; lastKnownFileType = sourcecode.c.objc; path = OCUISlider.m; sourceTree = "<group>"; };
		5DCBA0162319288D00B1A2D5 /* OCUIButton.h */ = {isa = PBXFileReference; lastKnownFileType = sourcecode.c.h; path = OCUIButton.h; sourceTree = "<group>"; };
		5DCBA0172319288D00B1A2D5 /* OCUIButton.m */ = {isa = PBXFileReference; lastKnownFileType = sourcecode.c.objc; path = OCUIButton.m; sourceTree = "<group>"; };
		7FD9B3F0231E3E1A0092CF2D /* OCUIHeader.h */ = {isa = PBXFileReference; lastKnownFileType = sourcecode.c.h; path = OCUIHeader.h; sourceTree = "<group>"; };
		7FD9B3F1231E427C0092CF2D /* OCUIAlignment.h */ = {isa = PBXFileReference; lastKnownFileType = sourcecode.c.h; path = OCUIAlignment.h; sourceTree = "<group>"; };
		7FD9B3F2231E427C0092CF2D /* OCUIAlignment.m */ = {isa = PBXFileReference; lastKnownFileType = sourcecode.c.objc; path = OCUIAlignment.m; sourceTree = "<group>"; };
		7FD9B3F4231E4AF00092CF2D /* OCUIViewParse.h */ = {isa = PBXFileReference; lastKnownFileType = sourcecode.c.h; path = OCUIViewParse.h; sourceTree = "<group>"; };
		7FD9B3F5231E4AF00092CF2D /* OCUIViewParse.m */ = {isa = PBXFileReference; lastKnownFileType = sourcecode.c.objc; path = OCUIViewParse.m; sourceTree = "<group>"; };
		7FD9B3F7231E527F0092CF2D /* OCUIiOSViewParse.h */ = {isa = PBXFileReference; lastKnownFileType = sourcecode.c.h; path = OCUIiOSViewParse.h; sourceTree = "<group>"; };
		7FD9B3F8231E527F0092CF2D /* OCUIiOSViewParse.m */ = {isa = PBXFileReference; lastKnownFileType = sourcecode.c.objc; path = OCUIiOSViewParse.m; sourceTree = "<group>"; };
		7FD9B3FA231E67DF0092CF2D /* OCUIiOSLayout.h */ = {isa = PBXFileReference; lastKnownFileType = sourcecode.c.h; path = OCUIiOSLayout.h; sourceTree = "<group>"; };
		7FD9B3FB231E67DF0092CF2D /* OCUIiOSLayout.m */ = {isa = PBXFileReference; lastKnownFileType = sourcecode.c.objc; path = OCUIiOSLayout.m; sourceTree = "<group>"; };
		7FD9B3FD231E69F40092CF2D /* OCUIStack.h */ = {isa = PBXFileReference; lastKnownFileType = sourcecode.c.h; path = OCUIStack.h; sourceTree = "<group>"; };
		7FD9B3FE231E69F40092CF2D /* OCUIStack.m */ = {isa = PBXFileReference; lastKnownFileType = sourcecode.c.objc; path = OCUIStack.m; sourceTree = "<group>"; };
		83135448550FCBD8A84856A6 /* libPods-OCUIExample.a */ = {isa = PBXFileReference; explicitFileType = archive.ar; includeInIndex = 0; path = "libPods-OCUIExample.a"; sourceTree = BUILT_PRODUCTS_DIR; };
		8CCE597FC42D7C6BA36DDB8F /* Pods-OCUIExample.debug.xcconfig */ = {isa = PBXFileReference; includeInIndex = 1; lastKnownFileType = text.xcconfig; name = "Pods-OCUIExample.debug.xcconfig"; path = "Target Support Files/Pods-OCUIExample/Pods-OCUIExample.debug.xcconfig"; sourceTree = "<group>"; };
		C50B3E89958EC3ECD144CA9E /* Pods-OCUIExample.release.xcconfig */ = {isa = PBXFileReference; includeInIndex = 1; lastKnownFileType = text.xcconfig; name = "Pods-OCUIExample.release.xcconfig"; path = "Target Support Files/Pods-OCUIExample/Pods-OCUIExample.release.xcconfig"; sourceTree = "<group>"; };
/* End PBXFileReference section */

/* Begin PBXFrameworksBuildPhase section */
		5D43F1F2230D40810098713E /* Frameworks */ = {
			isa = PBXFrameworksBuildPhase;
			buildActionMask = 2147483647;
			files = (
				52C20879024A57CEC2EE9555 /* libPods-OCUIExample.a in Frameworks */,
			);
			runOnlyForDeploymentPostprocessing = 0;
		};
/* End PBXFrameworksBuildPhase section */

/* Begin PBXGroup section */
		35CAB2E5EC8B82862157DFA6 /* Pods */ = {
			isa = PBXGroup;
			children = (
				8CCE597FC42D7C6BA36DDB8F /* Pods-OCUIExample.debug.xcconfig */,
				C50B3E89958EC3ECD144CA9E /* Pods-OCUIExample.release.xcconfig */,
			);
			path = Pods;
			sourceTree = "<group>";
		};
		5D43F1EC230D40810098713E = {
			isa = PBXGroup;
			children = (
				5D43F1F7230D40810098713E /* OCUIExample */,
				5D43F1F6230D40810098713E /* Products */,
				35CAB2E5EC8B82862157DFA6 /* Pods */,
				73B4FFA190951EA7A5C078D8 /* Frameworks */,
			);
			sourceTree = "<group>";
		};
		5D43F1F6230D40810098713E /* Products */ = {
			isa = PBXGroup;
			children = (
				5D43F1F5230D40810098713E /* OCUIExample.app */,
			);
			name = Products;
			sourceTree = "<group>";
		};
		5D43F1F7230D40810098713E /* OCUIExample */ = {
			isa = PBXGroup;
			children = (
				5D5F0951231362050029EE9E /* Sources */,
				5D43F1F8230D40810098713E /* AppDelegate.h */,
				5D43F1F9230D40810098713E /* AppDelegate.m */,
				5D43F1FB230D40810098713E /* ViewController.h */,
				5D43F1FC230D40810098713E /* ViewController.m */,
				5D43F1FE230D40810098713E /* Main.storyboard */,
				5D43F201230D40840098713E /* Assets.xcassets */,
				5D43F203230D40840098713E /* LaunchScreen.storyboard */,
				5D43F206230D40840098713E /* Info.plist */,
				5D43F207230D40840098713E /* main.m */,
			);
			path = OCUIExample;
			sourceTree = "<group>";
		};
		5D5F0951231362050029EE9E /* Sources */ = {
			isa = PBXGroup;
			children = (
				7FD9B3EE231E1E4D0092CF2D /* Parse */,
				7FD9B3EB231E1E280092CF2D /* Layout */,
				7FD9B3EA231E1E210092CF2D /* UI */,
				5D5F098B2314E79D0029EE9E /* Core */,
				5D5F0965231362050029EE9E /* OCUI.h */,
			);
			name = Sources;
			path = ../../../Sources;
			sourceTree = "<group>";
		};
		5D5F0964231362050029EE9E /* ControllerViews */ = {
			isa = PBXGroup;
			children = (
				5D5F0969231362050029EE9E /* OCUIText.h */,
				5D5F096E231362050029EE9E /* OCUIText.m */,
				5D5F09872314E6A90029EE9E /* OCUIList.h */,
				5D5F09882314E6A90029EE9E /* OCUIList.m */,
				5DCBA0162319288D00B1A2D5 /* OCUIButton.h */,
				5DCBA0172319288D00B1A2D5 /* OCUIButton.m */,
				5DCA42A4231A5CB4000F8359 /* OCUIToggle.h */,
				5DCA42A5231A5CB4000F8359 /* OCUIToggle.m */,
				5DCA42A7231A65AC000F8359 /* OCUISlider.h */,
				5DCA42A8231A65AC000F8359 /* OCUISlider.m */,
			);
			path = ControllerViews;
			sourceTree = "<group>";
		};
		5D5F0966231362050029EE9E /* Other Views */ = {
			isa = PBXGroup;
			children = (
				5D5F0967231362050029EE9E /* OCUIView.h */,
				5D5F096C231362050029EE9E /* OCUIView.m */,
				5D5F09832313E0A10029EE9E /* OCUIImage.h */,
				5D5F09842313E0A10029EE9E /* OCUIImage.m */,
			);
			path = "Other Views";
			sourceTree = "<group>";
		};
		5D5F098B2314E79D0029EE9E /* Core */ = {
			isa = PBXGroup;
			children = (
				7FD9B3F0231E3E1A0092CF2D /* OCUIHeader.h */,
				5D5F0968231362050029EE9E /* OCUINode.h */,
				5D5F096B231362050029EE9E /* OCUINode.m */,
				5D5F0961231362050029EE9E /* OCUIMaker.h */,
				5D5F096F231362050029EE9E /* OCUIMaker.m */,
				7FD9B3F4231E4AF00092CF2D /* OCUIViewParse.h */,
				7FD9B3F5231E4AF00092CF2D /* OCUIViewParse.m */,
			);
			path = Core;
			sourceTree = "<group>";
		};
		73B4FFA190951EA7A5C078D8 /* Frameworks */ = {
			isa = PBXGroup;
			children = (
				83135448550FCBD8A84856A6 /* libPods-OCUIExample.a */,
			);
			name = Frameworks;
			sourceTree = "<group>";
		};
		7FD9B3EA231E1E210092CF2D /* UI */ = {
			isa = PBXGroup;
			children = (
				5D5F0964231362050029EE9E /* ControllerViews */,
				5D5F0966231362050029EE9E /* Other Views */,
			);
			path = UI;
			sourceTree = "<group>";
		};
		7FD9B3EB231E1E280092CF2D /* Layout */ = {
			isa = PBXGroup;
			children = (
				7FD9B3FD231E69F40092CF2D /* OCUIStack.h */,
				7FD9B3FE231E69F40092CF2D /* OCUIStack.m */,
				5D5F0955231362050029EE9E /* OCUIHStack.h */,
				5D5F095B231362050029EE9E /* OCUIHStack.m */,
				5D5F0958231362050029EE9E /* OCUIVStack.h */,
				5D5F095F231362050029EE9E /* OCUIVStack.m */,
				5D5F0957231362050029EE9E /* OCUIZStack.h */,
				5D5F0960231362050029EE9E /* OCUIZStack.m */,
				5D5F096D231362050029EE9E /* OCUISpacer.h */,
				5D5F096A231362050029EE9E /* OCUISpacer.m */,
				7FD9B3F1231E427C0092CF2D /* OCUIAlignment.h */,
				7FD9B3F2231E427C0092CF2D /* OCUIAlignment.m */,
			);
			path = Layout;
			sourceTree = "<group>";
		};
		7FD9B3EE231E1E4D0092CF2D /* Parse */ = {
			isa = PBXGroup;
			children = (
				7FD9B3EF231E1E4D0092CF2D /* iOS */,
			);
			path = Parse;
			sourceTree = "<group>";
		};
		7FD9B3EF231E1E4D0092CF2D /* iOS */ = {
			isa = PBXGroup;
			children = (
				7FD9B3F7231E527F0092CF2D /* OCUIiOSViewParse.h */,
				7FD9B3F8231E527F0092CF2D /* OCUIiOSViewParse.m */,
				7FD9B3FA231E67DF0092CF2D /* OCUIiOSLayout.h */,
				7FD9B3FB231E67DF0092CF2D /* OCUIiOSLayout.m */,
			);
			path = iOS;
			sourceTree = "<group>";
		};
/* End PBXGroup section */

/* Begin PBXNativeTarget section */
		5D43F1F4230D40810098713E /* OCUIExample */ = {
			isa = PBXNativeTarget;
			buildConfigurationList = 5D43F20B230D40840098713E /* Build configuration list for PBXNativeTarget "OCUIExample" */;
			buildPhases = (
				F6F623409778A1D4CA74EC2C /* [CP] Check Pods Manifest.lock */,
				5D43F1F1230D40810098713E /* Sources */,
				5D43F1F2230D40810098713E /* Frameworks */,
				5D43F1F3230D40810098713E /* Resources */,
				5D43F21F230D409B0098713E /* Embed Frameworks */,
			);
			buildRules = (
			);
			dependencies = (
			);
			name = OCUIExample;
			productName = OCUIExample;
			productReference = 5D43F1F5230D40810098713E /* OCUIExample.app */;
			productType = "com.apple.product-type.application";
		};
/* End PBXNativeTarget section */

/* Begin PBXProject section */
		5D43F1ED230D40810098713E /* Project object */ = {
			isa = PBXProject;
			attributes = {
				LastUpgradeCheck = 1030;
				ORGANIZATIONNAME = "张行";
				TargetAttributes = {
					5D43F1F4230D40810098713E = {
						CreatedOnToolsVersion = 10.3;
					};
				};
			};
			buildConfigurationList = 5D43F1F0230D40810098713E /* Build configuration list for PBXProject "OCUIExample" */;
			compatibilityVersion = "Xcode 9.3";
			developmentRegion = en;
			hasScannedForEncodings = 0;
			knownRegions = (
				en,
				Base,
			);
			mainGroup = 5D43F1EC230D40810098713E;
			productRefGroup = 5D43F1F6230D40810098713E /* Products */;
			projectDirPath = "";
			projectRoot = "";
			targets = (
				5D43F1F4230D40810098713E /* OCUIExample */,
			);
		};
/* End PBXProject section */

/* Begin PBXResourcesBuildPhase section */
		5D43F1F3230D40810098713E /* Resources */ = {
			isa = PBXResourcesBuildPhase;
			buildActionMask = 2147483647;
			files = (
				5D43F205230D40840098713E /* LaunchScreen.storyboard in Resources */,
				5D43F202230D40840098713E /* Assets.xcassets in Resources */,
				5D43F200230D40810098713E /* Main.storyboard in Resources */,
			);
			runOnlyForDeploymentPostprocessing = 0;
		};
/* End PBXResourcesBuildPhase section */

/* Begin PBXShellScriptBuildPhase section */
		F6F623409778A1D4CA74EC2C /* [CP] Check Pods Manifest.lock */ = {
			isa = PBXShellScriptBuildPhase;
			buildActionMask = 2147483647;
			files = (
			);
			inputFileListPaths = (
			);
			inputPaths = (
				"${PODS_PODFILE_DIR_PATH}/Podfile.lock",
				"${PODS_ROOT}/Manifest.lock",
			);
			name = "[CP] Check Pods Manifest.lock";
			outputFileListPaths = (
			);
			outputPaths = (
				"$(DERIVED_FILE_DIR)/Pods-OCUIExample-checkManifestLockResult.txt",
			);
			runOnlyForDeploymentPostprocessing = 0;
			shellPath = /bin/sh;
			shellScript = "diff \"${PODS_PODFILE_DIR_PATH}/Podfile.lock\" \"${PODS_ROOT}/Manifest.lock\" > /dev/null\nif [ $? != 0 ] ; then\n    # print error to STDERR\n    echo \"error: The sandbox is not in sync with the Podfile.lock. Run 'pod install' or update your CocoaPods installation.\" >&2\n    exit 1\nfi\n# This output is used by Xcode 'outputs' to avoid re-running this script phase.\necho \"SUCCESS\" > \"${SCRIPT_OUTPUT_FILE_0}\"\n";
			showEnvVarsInLog = 0;
		};
/* End PBXShellScriptBuildPhase section */

/* Begin PBXSourcesBuildPhase section */
		5D43F1F1230D40810098713E /* Sources */ = {
			isa = PBXSourcesBuildPhase;
			buildActionMask = 2147483647;
			files = (
				5D43F1FD230D40810098713E /* ViewController.m in Sources */,
				5DCA42A9231A65AC000F8359 /* OCUISlider.m in Sources */,
				5D5F0977231362060029EE9E /* OCUISpacer.m in Sources */,
				5D5F09892314E6A90029EE9E /* OCUIList.m in Sources */,
				5D5F0975231362060029EE9E /* OCUIVStack.m in Sources */,
				5D5F0978231362060029EE9E /* OCUINode.m in Sources */,
				5D5F0979231362060029EE9E /* OCUIView.m in Sources */,
				5D5F097B231362060029EE9E /* OCUIMaker.m in Sources */,
				5D43F208230D40840098713E /* main.m in Sources */,
				5D5F0976231362060029EE9E /* OCUIZStack.m in Sources */,
				5DCA42A6231A5CB4000F8359 /* OCUIToggle.m in Sources */,
				5D5F09852313E0A10029EE9E /* OCUIImage.m in Sources */,
				5D5F0973231362060029EE9E /* OCUIHStack.m in Sources */,
				5DCBA0182319288D00B1A2D5 /* OCUIButton.m in Sources */,
				7FD9B3FF231E69F40092CF2D /* OCUIStack.m in Sources */,
				7FD9B3F6231E4AF00092CF2D /* OCUIViewParse.m in Sources */,
				5D5F097A231362060029EE9E /* OCUIText.m in Sources */,
				5D43F1FA230D40810098713E /* AppDelegate.m in Sources */,
				7FD9B3F9231E527F0092CF2D /* OCUIiOSViewParse.m in Sources */,
				7FD9B3F3231E427C0092CF2D /* OCUIAlignment.m in Sources */,
				7FD9B3FC231E67DF0092CF2D /* OCUIiOSLayout.m in Sources */,
			);
			runOnlyForDeploymentPostprocessing = 0;
		};
/* End PBXSourcesBuildPhase section */

/* Begin PBXVariantGroup section */
		5D43F1FE230D40810098713E /* Main.storyboard */ = {
			isa = PBXVariantGroup;
			children = (
				5D43F1FF230D40810098713E /* Base */,
			);
			name = Main.storyboard;
			sourceTree = "<group>";
		};
		5D43F203230D40840098713E /* LaunchScreen.storyboard */ = {
			isa = PBXVariantGroup;
			children = (
				5D43F204230D40840098713E /* Base */,
			);
			name = LaunchScreen.storyboard;
			sourceTree = "<group>";
		};
/* End PBXVariantGroup section */

/* Begin XCBuildConfiguration section */
		5D43F209230D40840098713E /* Debug */ = {
			isa = XCBuildConfiguration;
			buildSettings = {
				ALWAYS_SEARCH_USER_PATHS = NO;
				CLANG_ANALYZER_NONNULL = YES;
				CLANG_ANALYZER_NUMBER_OBJECT_CONVERSION = YES_AGGRESSIVE;
				CLANG_CXX_LANGUAGE_STANDARD = "gnu++14";
				CLANG_CXX_LIBRARY = "libc++";
				CLANG_ENABLE_MODULES = YES;
				CLANG_ENABLE_OBJC_ARC = YES;
				CLANG_ENABLE_OBJC_WEAK = YES;
				CLANG_WARN_BLOCK_CAPTURE_AUTORELEASING = YES;
				CLANG_WARN_BOOL_CONVERSION = YES;
				CLANG_WARN_COMMA = YES;
				CLANG_WARN_CONSTANT_CONVERSION = YES;
				CLANG_WARN_DEPRECATED_OBJC_IMPLEMENTATIONS = YES;
				CLANG_WARN_DIRECT_OBJC_ISA_USAGE = YES_ERROR;
				CLANG_WARN_DOCUMENTATION_COMMENTS = YES;
				CLANG_WARN_EMPTY_BODY = YES;
				CLANG_WARN_ENUM_CONVERSION = YES;
				CLANG_WARN_INFINITE_RECURSION = YES;
				CLANG_WARN_INT_CONVERSION = YES;
				CLANG_WARN_NON_LITERAL_NULL_CONVERSION = YES;
				CLANG_WARN_OBJC_IMPLICIT_RETAIN_SELF = YES;
				CLANG_WARN_OBJC_LITERAL_CONVERSION = YES;
				CLANG_WARN_OBJC_ROOT_CLASS = YES_ERROR;
				CLANG_WARN_RANGE_LOOP_ANALYSIS = YES;
				CLANG_WARN_STRICT_PROTOTYPES = YES;
				CLANG_WARN_SUSPICIOUS_MOVE = YES;
				CLANG_WARN_UNGUARDED_AVAILABILITY = YES_AGGRESSIVE;
				CLANG_WARN_UNREACHABLE_CODE = YES;
				CLANG_WARN__DUPLICATE_METHOD_MATCH = YES;
				CODE_SIGN_IDENTITY = "iPhone Developer";
				COPY_PHASE_STRIP = NO;
				DEBUG_INFORMATION_FORMAT = dwarf;
				ENABLE_STRICT_OBJC_MSGSEND = YES;
				ENABLE_TESTABILITY = YES;
				GCC_C_LANGUAGE_STANDARD = gnu11;
				GCC_DYNAMIC_NO_PIC = NO;
				GCC_NO_COMMON_BLOCKS = YES;
				GCC_OPTIMIZATION_LEVEL = 0;
				GCC_PREPROCESSOR_DEFINITIONS = (
					"DEBUG=1",
					"$(inherited)",
				);
				GCC_WARN_64_TO_32_BIT_CONVERSION = YES;
				GCC_WARN_ABOUT_RETURN_TYPE = YES_ERROR;
				GCC_WARN_UNDECLARED_SELECTOR = YES;
				GCC_WARN_UNINITIALIZED_AUTOS = YES_AGGRESSIVE;
				GCC_WARN_UNUSED_FUNCTION = YES;
				GCC_WARN_UNUSED_VARIABLE = YES;
				IPHONEOS_DEPLOYMENT_TARGET = 12.4;
				MTL_ENABLE_DEBUG_INFO = INCLUDE_SOURCE;
				MTL_FAST_MATH = YES;
				ONLY_ACTIVE_ARCH = YES;
				SDKROOT = iphoneos;
			};
			name = Debug;
		};
		5D43F20A230D40840098713E /* Release */ = {
			isa = XCBuildConfiguration;
			buildSettings = {
				ALWAYS_SEARCH_USER_PATHS = NO;
				CLANG_ANALYZER_NONNULL = YES;
				CLANG_ANALYZER_NUMBER_OBJECT_CONVERSION = YES_AGGRESSIVE;
				CLANG_CXX_LANGUAGE_STANDARD = "gnu++14";
				CLANG_CXX_LIBRARY = "libc++";
				CLANG_ENABLE_MODULES = YES;
				CLANG_ENABLE_OBJC_ARC = YES;
				CLANG_ENABLE_OBJC_WEAK = YES;
				CLANG_WARN_BLOCK_CAPTURE_AUTORELEASING = YES;
				CLANG_WARN_BOOL_CONVERSION = YES;
				CLANG_WARN_COMMA = YES;
				CLANG_WARN_CONSTANT_CONVERSION = YES;
				CLANG_WARN_DEPRECATED_OBJC_IMPLEMENTATIONS = YES;
				CLANG_WARN_DIRECT_OBJC_ISA_USAGE = YES_ERROR;
				CLANG_WARN_DOCUMENTATION_COMMENTS = YES;
				CLANG_WARN_EMPTY_BODY = YES;
				CLANG_WARN_ENUM_CONVERSION = YES;
				CLANG_WARN_INFINITE_RECURSION = YES;
				CLANG_WARN_INT_CONVERSION = YES;
				CLANG_WARN_NON_LITERAL_NULL_CONVERSION = YES;
				CLANG_WARN_OBJC_IMPLICIT_RETAIN_SELF = YES;
				CLANG_WARN_OBJC_LITERAL_CONVERSION = YES;
				CLANG_WARN_OBJC_ROOT_CLASS = YES_ERROR;
				CLANG_WARN_RANGE_LOOP_ANALYSIS = YES;
				CLANG_WARN_STRICT_PROTOTYPES = YES;
				CLANG_WARN_SUSPICIOUS_MOVE = YES;
				CLANG_WARN_UNGUARDED_AVAILABILITY = YES_AGGRESSIVE;
				CLANG_WARN_UNREACHABLE_CODE = YES;
				CLANG_WARN__DUPLICATE_METHOD_MATCH = YES;
				CODE_SIGN_IDENTITY = "iPhone Developer";
				COPY_PHASE_STRIP = NO;
				DEBUG_INFORMATION_FORMAT = "dwarf-with-dsym";
				ENABLE_NS_ASSERTIONS = NO;
				ENABLE_STRICT_OBJC_MSGSEND = YES;
				GCC_C_LANGUAGE_STANDARD = gnu11;
				GCC_NO_COMMON_BLOCKS = YES;
				GCC_WARN_64_TO_32_BIT_CONVERSION = YES;
				GCC_WARN_ABOUT_RETURN_TYPE = YES_ERROR;
				GCC_WARN_UNDECLARED_SELECTOR = YES;
				GCC_WARN_UNINITIALIZED_AUTOS = YES_AGGRESSIVE;
				GCC_WARN_UNUSED_FUNCTION = YES;
				GCC_WARN_UNUSED_VARIABLE = YES;
				IPHONEOS_DEPLOYMENT_TARGET = 12.4;
				MTL_ENABLE_DEBUG_INFO = NO;
				MTL_FAST_MATH = YES;
				SDKROOT = iphoneos;
				VALIDATE_PRODUCT = YES;
			};
			name = Release;
		};
		5D43F20C230D40840098713E /* Debug */ = {
			isa = XCBuildConfiguration;
			baseConfigurationReference = 8CCE597FC42D7C6BA36DDB8F /* Pods-OCUIExample.debug.xcconfig */;
			buildSettings = {
				ASSETCATALOG_COMPILER_APPICON_NAME = AppIcon;
				CODE_SIGN_STYLE = Manual;
				DEVELOPMENT_TEAM = "";
				INFOPLIST_FILE = OCUIExample/Info.plist;
				IPHONEOS_DEPLOYMENT_TARGET = 9.0;
				LD_RUNPATH_SEARCH_PATHS = (
					"$(inherited)",
					"@executable_path/Frameworks",
				);
				PRODUCT_BUNDLE_IDENTIFIER = com.josercc.OCUIExample;
				PRODUCT_NAME = "$(TARGET_NAME)";
				PROVISIONING_PROFILE_SPECIFIER = "";
				TARGETED_DEVICE_FAMILY = "1,2";
			};
			name = Debug;
		};
		5D43F20D230D40840098713E /* Release */ = {
			isa = XCBuildConfiguration;
			baseConfigurationReference = C50B3E89958EC3ECD144CA9E /* Pods-OCUIExample.release.xcconfig */;
			buildSettings = {
				ASSETCATALOG_COMPILER_APPICON_NAME = AppIcon;
				CODE_SIGN_STYLE = Manual;
				DEVELOPMENT_TEAM = "";
				INFOPLIST_FILE = OCUIExample/Info.plist;
				IPHONEOS_DEPLOYMENT_TARGET = 9.0;
				LD_RUNPATH_SEARCH_PATHS = (
					"$(inherited)",
					"@executable_path/Frameworks",
				);
				PRODUCT_BUNDLE_IDENTIFIER = com.josercc.OCUIExample;
				PRODUCT_NAME = "$(TARGET_NAME)";
				PROVISIONING_PROFILE_SPECIFIER = "";
				TARGETED_DEVICE_FAMILY = "1,2";
			};
			name = Release;
		};
/* End XCBuildConfiguration section */

/* Begin XCConfigurationList section */
		5D43F1F0230D40810098713E /* Build configuration list for PBXProject "OCUIExample" */ = {
			isa = XCConfigurationList;
			buildConfigurations = (
				5D43F209230D40840098713E /* Debug */,
				5D43F20A230D40840098713E /* Release */,
			);
			defaultConfigurationIsVisible = 0;
			defaultConfigurationName = Release;
		};
		5D43F20B230D40840098713E /* Build configuration list for PBXNativeTarget "OCUIExample" */ = {
			isa = XCConfigurationList;
			buildConfigurations = (
				5D43F20C230D40840098713E /* Debug */,
				5D43F20D230D40840098713E /* Release */,
			);
			defaultConfigurationIsVisible = 0;
			defaultConfigurationName = Release;
		};
/* End XCConfigurationList section */
	};
	rootObject = 5D43F1ED230D40810098713E /* Project object */;
}
